// !$*UTF8*$!
{
	archiveVersion = 1;
	classes = {
	};
	objectVersion = 46;
	objects = {

/* Begin PBXBuildFile section */
		98F1AE811AB9590C005D8935 /* AppDelegate.swift in Sources */ = {isa = PBXBuildFile; fileRef = 98F1AE801AB9590C005D8935 /* AppDelegate.swift */; };
		98F1AE831AB9590C005D8935 /* ViewController.swift in Sources */ = {isa = PBXBuildFile; fileRef = 98F1AE821AB9590C005D8935 /* ViewController.swift */; };
		98F1AE861AB9590C005D8935 /* Main.storyboard in Resources */ = {isa = PBXBuildFile; fileRef = 98F1AE841AB9590C005D8935 /* Main.storyboard */; };
		98F1AE881AB9590C005D8935 /* Images.xcassets in Resources */ = {isa = PBXBuildFile; fileRef = 98F1AE871AB9590C005D8935 /* Images.xcassets */; };
		98F1AE8B1AB9590C005D8935 /* LaunchScreen.xib in Resources */ = {isa = PBXBuildFile; fileRef = 98F1AE891AB9590C005D8935 /* LaunchScreen.xib */; };
		98F1AE971AB9590C005D8935 /* clapSWTests.swift in Sources */ = {isa = PBXBuildFile; fileRef = 98F1AE961AB9590C005D8935 /* clapSWTests.swift */; };
		98F1AEA11AB9592D005D8935 /* AVFoundation.framework in Frameworks */ = {isa = PBXBuildFile; fileRef = 98F1AEA01AB9592D005D8935 /* AVFoundation.framework */; };
		98F1AEA41AB95A40005D8935 /* clap-button.png in Resources */ = {isa = PBXBuildFile; fileRef = 98F1AEA21AB95A40005D8935 /* clap-button.png */; };
		98F1AEA51AB95A40005D8935 /* clap.wav in Resources */ = {isa = PBXBuildFile; fileRef = 98F1AEA31AB95A40005D8935 /* clap.wav */; };
/* End PBXBuildFile section */

/* Begin PBXContainerItemProxy section */
		98F1AE911AB9590C005D8935 /* PBXContainerItemProxy */ = {
			isa = PBXContainerItemProxy;
			containerPortal = 98F1AE731AB9590C005D8935 /* Project object */;
			proxyType = 1;
			remoteGlobalIDString = 98F1AE7A1AB9590C005D8935;
			remoteInfo = clapSW;
		};
/* End PBXContainerItemProxy section */

/* Begin PBXFileReference section */
		98F1AE7B1AB9590C005D8935 /* clapSW.app */ = {isa = PBXFileReference; explicitFileType = wrapper.application; includeInIndex = 0; path = clapSW.app; sourceTree = BUILT_PRODUCTS_DIR; };
		98F1AE7F1AB9590C005D8935 /* Info.plist */ = {isa = PBXFileReference; lastKnownFileType = text.plist.xml; path = Info.plist; sourceTree = "<group>"; };
		98F1AE801AB9590C005D8935 /* AppDelegate.swift */ = {isa = PBXFileReference; lastKnownFileType = sourcecode.swift; path = AppDelegate.swift; sourceTree = "<group>"; };
		98F1AE821AB9590C005D8935 /* ViewController.swift */ = {isa = PBXFileReference; lastKnownFileType = sourcecode.swift; path = ViewController.swift; sourceTree = "<group>"; };
		98F1AE851AB9590C005D8935 /* Base */ = {isa = PBXFileReference; lastKnownFileType = file.storyboard; name = Base; path = Base.lproj/Main.storyboard; sourceTree = "<group>"; };
		98F1AE871AB9590C005D8935 /* Images.xcassets */ = {isa = PBXFileReference; lastKnownFileType = folder.assetcatalog; path = Images.xcassets; sourceTree = "<group>"; };
		98F1AE8A1AB9590C005D8935 /* Base */ = {isa = PBXFileReference; lastKnownFileType = file.xib; name = Base; path = Base.lproj/LaunchScreen.xib; sourceTree = "<group>"; };
		98F1AE901AB9590C005D8935 /* clapSWTests.xctest */ = {isa = PBXFileReference; explicitFileType = wrapper.cfbundle; includeInIndex = 0; path = clapSWTests.xctest; sourceTree = BUILT_PRODUCTS_DIR; };
		98F1AE951AB9590C005D8935 /* Info.plist */ = {isa = PBXFileReference; lastKnownFileType = text.plist.xml; path = Info.plist; sourceTree = "<group>"; };
		98F1AE961AB9590C005D8935 /* clapSWTests.swift */ = {isa = PBXFileReference; lastKnownFileType = sourcecode.swift; path = clapSWTests.swift; sourceTree = "<group>"; };
		98F1AEA01AB9592D005D8935 /* AVFoundation.framework */ = {isa = PBXFileReference; lastKnownFileType = wrapper.framework; name = AVFoundation.framework; path = System/Library/Frameworks/AVFoundation.framework; sourceTree = SDKROOT; };
		98F1AEA21AB95A40005D8935 /* clap-button.png */ = {isa = PBXFileReference; lastKnownFileType = image.png; path = "clap-button.png"; sourceTree = "<group>"; };
		98F1AEA31AB95A40005D8935 /* clap.wav */ = {isa = PBXFileReference; lastKnownFileType = audio.wav; path = clap.wav; sourceTree = "<group>"; };
/* End PBXFileReference section */

/* Begin PBXFrameworksBuildPhase section */
		98F1AE781AB9590C005D8935 /* Frameworks */ = {
			isa = PBXFrameworksBuildPhase;
			buildActionMask = 2147483647;
			files = (
				98F1AEA11AB9592D005D8935 /* AVFoundation.framework in Frameworks */,
			);
			runOnlyForDeploymentPostprocessing = 0;
		};
		98F1AE8D1AB9590C005D8935 /* Frameworks */ = {
			isa = PBXFrameworksBuildPhase;
			buildActionMask = 2147483647;
			files = (
			);
			runOnlyForDeploymentPostprocessing = 0;
		};
/* End PBXFrameworksBuildPhase section */

/* Begin PBXGroup section */
		98F1AE721AB9590C005D8935 = {
			isa = PBXGroup;
			children = (
				98F1AEA01AB9592D005D8935 /* AVFoundation.framework */,
				98F1AE7D1AB9590C005D8935 /* clapSW */,
				98F1AE931AB9590C005D8935 /* clapSWTests */,
				98F1AE7C1AB9590C005D8935 /* Products */,
			);
			sourceTree = "<group>";
		};
		98F1AE7C1AB9590C005D8935 /* Products */ = {
			isa = PBXGroup;
			children = (
				98F1AE7B1AB9590C005D8935 /* clapSW.app */,
				98F1AE901AB9590C005D8935 /* clapSWTests.xctest */,
			);
			name = Products;
			sourceTree = "<group>";
		};
		98F1AE7D1AB9590C005D8935 /* clapSW */ = {
			isa = PBXGroup;
			children = (
				98F1AEA21AB95A40005D8935 /* clap-button.png */,
				98F1AEA31AB95A40005D8935 /* clap.wav */,
				98F1AE801AB9590C005D8935 /* AppDelegate.swift */,
				98F1AE821AB9590C005D8935 /* ViewController.swift */,
				98F1AE841AB9590C005D8935 /* Main.storyboard */,
				98F1AE871AB9590C005D8935 /* Images.xcassets */,
				98F1AE891AB9590C005D8935 /* LaunchScreen.xib */,
				98F1AE7E1AB9590C005D8935 /* Supporting Files */,
			);
			path = clapSW;
			sourceTree = "<group>";
		};
		98F1AE7E1AB9590C005D8935 /* Supporting Files */ = {
			isa = PBXGroup;
			children = (
				98F1AE7F1AB9590C005D8935 /* Info.plist */,
			);
			name = "Supporting Files";
			sourceTree = "<group>";
		};
		98F1AE931AB9590C005D8935 /* clapSWTests */ = {
			isa = PBXGroup;
			children = (
				98F1AE961AB9590C005D8935 /* clapSWTests.swift */,
				98F1AE941AB9590C005D8935 /* Supporting Files */,
			);
			path = clapSWTests;
			sourceTree = "<group>";
		};
		98F1AE941AB9590C005D8935 /* Supporting Files */ = {
			isa = PBXGroup;
			children = (
				98F1AE951AB9590C005D8935 /* Info.plist */,
			);
			name = "Supporting Files";
			sourceTree = "<group>";
		};
/* End PBXGroup section */

/* Begin PBXNativeTarget section */
		98F1AE7A1AB9590C005D8935 /* clapSW */ = {
			isa = PBXNativeTarget;
			buildConfigurationList = 98F1AE9A1AB9590C005D8935 /* Build configuration list for PBXNativeTarget "clapSW" */;
			buildPhases = (
				98F1AE771AB9590C005D8935 /* Sources */,
				98F1AE781AB9590C005D8935 /* Frameworks */,
				98F1AE791AB9590C005D8935 /* Resources */,
			);
			buildRules = (
			);
			dependencies = (
			);
			name = clapSW;
			productName = clapSW;
			productReference = 98F1AE7B1AB9590C005D8935 /* clapSW.app */;
			productType = "com.apple.product-type.application";
		};
		98F1AE8F1AB9590C005D8935 /* clapSWTests */ = {
			isa = PBXNativeTarget;
			buildConfigurationList = 98F1AE9D1AB9590C005D8935 /* Build configuration list for PBXNativeTarget "clapSWTests" */;
			buildPhases = (
				98F1AE8C1AB9590C005D8935 /* Sources */,
				98F1AE8D1AB9590C005D8935 /* Frameworks */,
				98F1AE8E1AB9590C005D8935 /* Resources */,
			);
			buildRules = (
			);
			dependencies = (
				98F1AE921AB9590C005D8935 /* PBXTargetDependency */,
			);
			name = clapSWTests;
			productName = clapSWTests;
			productReference = 98F1AE901AB9590C005D8935 /* clapSWTests.xctest */;
			productType = "com.apple.product-type.bundle.unit-test";
		};
/* End PBXNativeTarget section */

/* Begin PBXProject section */
		98F1AE731AB9590C005D8935 /* Project object */ = {
			isa = PBXProject;
			attributes = {
				LastUpgradeCheck = 0610;
				ORGANIZATIONNAME = "Yuki Futagami";
				TargetAttributes = {
					98F1AE7A1AB9590C005D8935 = {
						CreatedOnToolsVersion = 6.1.1;
					};
					98F1AE8F1AB9590C005D8935 = {
						CreatedOnToolsVersion = 6.1.1;
						TestTargetID = 98F1AE7A1AB9590C005D8935;
					};
				};
			};
			buildConfigurationList = 98F1AE761AB9590C005D8935 /* Build configuration list for PBXProject "clapSW" */;
			compatibilityVersion = "Xcode 3.2";
			developmentRegion = English;
			hasScannedForEncodings = 0;
			knownRegions = (
				en,
				Base,
			);
			mainGroup = 98F1AE721AB9590C005D8935;
			productRefGroup = 98F1AE7C1AB9590C005D8935 /* Products */;
			projectDirPath = "";
			projectRoot = "";
			targets = (
				98F1AE7A1AB9590C005D8935 /* clapSW */,
				98F1AE8F1AB9590C005D8935 /* clapSWTests */,
			);
		};
/* End PBXProject section */

/* Begin PBXResourcesBuildPhase section */
		98F1AE791AB9590C005D8935 /* Resources */ = {
			isa = PBXResourcesBuildPhase;
			buildActionMask = 2147483647;
			files = (
				98F1AEA51AB95A40005D8935 /* clap.wav in Resources */,
				98F1AE861AB9590C005D8935 /* Main.storyboard in Resources */,
				98F1AE8B1AB9590C005D8935 /* LaunchScreen.xib in Resources */,
				98F1AE881AB9590C005D8935 /* Images.xcassets in Resources */,
				98F1AEA41AB95A40005D8935 /* clap-button.png in Resources */,
			);
			runOnlyForDeploymentPostprocessing = 0;
		};
		98F1AE8E1AB9590C005D8935 /* Resources */ = {
			isa = PBXResourcesBuildPhase;
			buildActionMask = 2147483647;
			files = (
			);
			runOnlyForDeploymentPostprocessing = 0;
		};
/* End PBXResourcesBuildPhase section */

/* Begin PBXSourcesBuildPhase section */
		98F1AE771AB9590C005D8935 /* Sources */ = {
			isa = PBXSourcesBuildPhase;
			buildActionMask = 2147483647;
			files = (
				98F1AE831AB9590C005D8935 /* ViewController.swift in Sources */,
				98F1AE811AB9590C005D8935 /* AppDelegate.swift in Sources */,
			);
			runOnlyForDeploymentPostprocessing = 0;
		};
		98F1AE8C1AB9590C005D8935 /* Sources */ = {
			isa = PBXSourcesBuildPhase;
			buildActionMask = 2147483647;
			files = (
				98F1AE971AB9590C005D8935 /* clapSWTests.swift in Sources */,
			);
			runOnlyForDeploymentPostprocessing = 0;
		};
/* End PBXSourcesBuildPhase section */

/* Begin PBXTargetDependency section */
		98F1AE921AB9590C005D8935 /* PBXTargetDependency */ = {
			isa = PBXTargetDependency;
			target = 98F1AE7A1AB9590C005D8935 /* clapSW */;
			targetProxy = 98F1AE911AB9590C005D8935 /* PBXContainerItemProxy */;
		};
/* End PBXTargetDependency section */

/* Begin PBXVariantGroup section */
		98F1AE841AB9590C005D8935 /* Main.storyboard */ = {
			isa = PBXVariantGroup;
			children = (
				98F1AE851AB9590C005D8935 /* Base */,
			);
			name = Main.storyboard;
			sourceTree = "<group>";
		};
		98F1AE891AB9590C005D8935 /* LaunchScreen.xib */ = {
			isa = PBXVariantGroup;
			children = (
				98F1AE8A1AB9590C005D8935 /* Base */,
			);
			name = LaunchScreen.xib;
			sourceTree = "<group>";
		};
/* End PBXVariantGroup section */

/* Begin XCBuildConfiguration section */
		98F1AE981AB9590C005D8935 /* Debug */ = {
			isa = XCBuildConfiguration;
			buildSettings = {
				ALWAYS_SEARCH_USER_PATHS = NO;
				CLANG_CXX_LANGUAGE_STANDARD = "gnu++0x";
				CLANG_CXX_LIBRARY = "libc++";
				CLANG_ENABLE_MODULES = YES;
				CLANG_ENABLE_OBJC_ARC = YES;
				CLANG_WARN_BOOL_CONVERSION = YES;
				CLANG_WARN_CONSTANT_CONVERSION = YES;
				CLANG_WARN_DIRECT_OBJC_ISA_USAGE = YES_ERROR;
				CLANG_WARN_EMPTY_BODY = YES;
				CLANG_WARN_ENUM_CONVERSION = YES;
				CLANG_WARN_INT_CONVERSION = YES;
				CLANG_WARN_OBJC_ROOT_CLASS = YES_ERROR;
				CLANG_WARN_UNREACHABLE_CODE = YES;
				CLANG_WARN__DUPLICATE_METHOD_MATCH = YES;
				"CODE_SIGN_IDENTITY[sdk=iphoneos*]" = "iPhone Developer";
				COPY_PHASE_STRIP = NO;
				ENABLE_STRICT_OBJC_MSGSEND = YES;
				GCC_C_LANGUAGE_STANDARD = gnu99;
				GCC_DYNAMIC_NO_PIC = NO;
				GCC_OPTIMIZATION_LEVEL = 0;
				GCC_PREPROCESSOR_DEFINITIONS = (
					"DEBUG=1",
					"$(inherited)",
				);
				GCC_SYMBOLS_PRIVATE_EXTERN = NO;
				GCC_WARN_64_TO_32_BIT_CONVERSION = YES;
				GCC_WARN_ABOUT_RETURN_TYPE = YES_ERROR;
				GCC_WARN_UNDECLARED_SELECTOR = YES;
				GCC_WARN_UNINITIALIZED_AUTOS = YES_AGGRESSIVE;
				GCC_WARN_UNUSED_FUNCTION = YES;
				GCC_WARN_UNUSED_VARIABLE = YES;
				IPHONEOS_DEPLOYMENT_TARGET = 8.1;
				MTL_ENABLE_DEBUG_INFO = YES;
				ONLY_ACTIVE_ARCH = YES;
				SDKROOT = iphoneos;
				SWIFT_OPTIMIZATION_LEVEL = "-Onone";
				TARGETED_DEVICE_FAMILY = "1,2";
			};
			name = Debug;
		};
		98F1AE991AB9590C005D8935 /* Release */ = {
			isa = XCBuildConfiguration;
			buildSettings = {
				ALWAYS_SEARCH_USER_PATHS = NO;
				CLANG_CXX_LANGUAGE_STANDARD = "gnu++0x";
				CLANG_CXX_LIBRARY = "libc++";
				CLANG_ENABLE_MODULES = YES;
				CLANG_ENABLE_OBJC_ARC = YES;
				CLANG_WARN_BOOL_CONVERSION = YES;
				CLANG_WARN_CONSTANT_CONVERSION = YES;
				CLANG_WARN_DIRECT_OBJC_ISA_USAGE = YES_ERROR;
				CLANG_WARN_EMPTY_BODY = YES;
				CLANG_WARN_ENUM_CONVERSION = YES;
				CLANG_WARN_INT_CONVERSION = YES;
				CLANG_WARN_OBJC_ROOT_CLASS = YES_ERROR;
				CLANG_WARN_UNREACHABLE_CODE = YES;
				CLANG_WARN__DUPLICATE_METHOD_MATCH = YES;
				"CODE_SIGN_IDENTITY[sdk=iphoneos*]" = "iPhone Developer";
				COPY_PHASE_STRIP = YES;
				ENABLE_NS_ASSERTIONS = NO;
				ENABLE_STRICT_OBJC_MSGSEND = YES;
				GCC_C_LANGUAGE_STANDARD = gnu99;
				GCC_WARN_64_TO_32_BIT_CONVERSION = YES;
				GCC_WARN_ABOUT_RETURN_TYPE = YES_ERROR;
				GCC_WARN_UNDECLARED_SELECTOR = YES;
				GCC_WARN_UNINITIALIZED_AUTOS = YES_AGGRESSIVE;
				GCC_WARN_UNUSED_FUNCTION = YES;
				GCC_WARN_UNUSED_VARIABLE = YES;
				IPHONEOS_DEPLOYMENT_TARGET = 8.1;
				MTL_ENABLE_DEBUG_INFO = NO;
				SDKROOT = iphoneos;
				TARGETED_DEVICE_FAMILY = "1,2";
				VALIDATE_PRODUCT = YES;
			};
			name = Release;
		};
		98F1AE9B1AB9590C005D8935 /* Debug */ = {
			isa = XCBuildConfiguration;
			buildSettings = {
				ASSETCATALOG_COMPILER_APPICON_NAME = AppIcon;
				INFOPLIST_FILE = clapSW/Info.plist;
				LD_RUNPATH_SEARCH_PATHS = "$(inherited) @executable_path/Frameworks";
				PRODUCT_NAME = "$(TARGET_NAME)";
			};
			name = Debug;
		};
		98F1AE9C1AB9590C005D8935 /* Release */ = {
			isa = XCBuildConfiguration;
			buildSettings = {
				ASSETCATALOG_COMPILER_APPICON_NAME = AppIcon;
				INFOPLIST_FILE = clapSW/Info.plist;
				LD_RUNPATH_SEARCH_PATHS = "$(inherited) @executable_path/Frameworks";
				PRODUCT_NAME = "$(TARGET_NAME)";
			};
			name = Release;
		};
		98F1AE9E1AB9590C005D8935 /* Debug */ = {
			isa = XCBuildConfiguration;
			buildSettings = {
				BUNDLE_LOADER = "$(TEST_HOST)";
				FRAMEWORK_SEARCH_PATHS = (
					"$(SDKROOT)/Developer/Library/Frameworks",
					"$(inherited)",
				);
				GCC_PREPROCESSOR_DEFINITIONS = (
					"DEBUG=1",
					"$(inherited)",
				);
				INFOPLIST_FILE = clapSWTests/Info.plist;
				LD_RUNPATH_SEARCH_PATHS = "$(inherited) @executable_path/Frameworks @loader_path/Frameworks";
				PRODUCT_NAME = "$(TARGET_NAME)";
				TEST_HOST = "$(BUILT_PRODUCTS_DIR)/clapSW.app/clapSW";
			};
			name = Debug;
		};
		98F1AE9F1AB9590C005D8935 /* Release */ = {
			isa = XCBuildConfiguration;
			buildSettings = {
				BUNDLE_LOADER = "$(TEST_HOST)";
				FRAMEWORK_SEARCH_PATHS = (
					"$(SDKROOT)/Developer/Library/Frameworks",
					"$(inherited)",
				);
				INFOPLIST_FILE = clapSWTests/Info.plist;
				LD_RUNPATH_SEARCH_PATHS = "$(inherited) @executable_path/Frameworks @loader_path/Frameworks";
				PRODUCT_NAME = "$(TARGET_NAME)";
				TEST_HOST = "$(BUILT_PRODUCTS_DIR)/clapSW.app/clapSW";
			};
			name = Release;
		};
/* End XCBuildConfiguration section */

/* Begin XCConfigurationList section */
		98F1AE761AB9590C005D8935 /* Build configuration list for PBXProject "clapSW" */ = {
			isa = XCConfigurationList;
			buildConfigurations = (
				98F1AE981AB9590C005D8935 /* Debug */,
				98F1AE991AB9590C005D8935 /* Release */,
			);
			defaultConfigurationIsVisible = 0;
			defaultConfigurationName = Release;
		};
		98F1AE9A1AB9590C005D8935 /* Build configuration list for PBXNativeTarget "clapSW" */ = {
			isa = XCConfigurationList;
			buildConfigurations = (
				98F1AE9B1AB9590C005D8935 /* Debug */,
				98F1AE9C1AB9590C005D8935 /* Release */,
			);
			defaultConfigurationIsVisible = 0;
		};
		98F1AE9D1AB9590C005D8935 /* Build configuration list for PBXNativeTarget "clapSWTests" */ = {
			isa = XCConfigurationList;
			buildConfigurations = (
				98F1AE9E1AB9590C005D8935 /* Debug */,
				98F1AE9F1AB9590C005D8935 /* Release */,
			);
			defaultConfigurationIsVisible = 0;
		};
/* End XCConfigurationList section */
	};
	rootObject = 98F1AE731AB9590C005D8935 /* Project object */;
}
